
Microsoft Visual Studio Solution File, Format Version 12.00
# Visual Studio Version 17
VisualStudioVersion = 17.5.33424.131
MinimumVisualStudioVersion = 10.0.40219.1
Project("{FAE04EC0-301F-11D3-BF4B-00C04F79EFBC}") = "ParallelStaff.Challenge.Api", "ParallelStaff.Challenge.Api.csproj", "{C99933C0-8711-48A6-8569-B2108D9EEA8B}"
EndProject
Project("{FAE04EC0-301F-11D3-BF4B-00C04F79EFBC}") = "ParallelStaff.Challenge.Services", "ParallelStaff.Challenge.Services\ParallelStaff.Challenge.Services.csproj", "{439CE645-A522-4413-847B-F01D69FEBC03}"
EndProject
Project("{FAE04EC0-301F-11D3-BF4B-00C04F79EFBC}") = "ParallelStaff.Challenge.Domain", "ParallelStaff.Challenge.Domain\ParallelStaff.Challenge.Domain.csproj", "{A3611B9E-9DF3-4FE8-9833-08F39F421253}"
EndProject
Project("{FAE04EC0-301F-11D3-BF4B-00C04F79EFBC}") = "ParallelStaff.Challenge.Interfaces", "ParallelStaff.Challenge.Interfaces\ParallelStaff.Challenge.Interfaces.csproj", "{63328E31-9EFE-4C83-BBAE-4DA66073B200}"
EndProject
Global
	GlobalSection(SolutionConfigurationPlatforms) = preSolution
		Debug|Any CPU = Debug|Any CPU
		Release|Any CPU = Release|Any CPU
	EndGlobalSection
	GlobalSection(ProjectConfigurationPlatforms) = postSolution
		{C99933C0-8711-48A6-8569-B2108D9EEA8B}.Debug|Any CPU.ActiveCfg = Debug|Any CPU
		{C99933C0-8711-48A6-8569-B2108D9EEA8B}.Debug|Any CPU.Build.0 = Debug|Any CPU
		{C99933C0-8711-48A6-8569-B2108D9EEA8B}.Release|Any CPU.ActiveCfg = Release|Any CPU
		{C99933C0-8711-48A6-8569-B2108D9EEA8B}.Release|Any CPU.Build.0 = Release|Any CPU
		{439CE645-A522-4413-847B-F01D69FEBC03}.Debug|Any CPU.ActiveCfg = Debug|Any CPU
		{439CE645-A522-4413-847B-F01D69FEBC03}.Debug|Any CPU.Build.0 = Debug|Any CPU
		{439CE645-A522-4413-847B-F01D69FEBC03}.Release|Any CPU.ActiveCfg = Release|Any CPU
		{439CE645-A522-4413-847B-F01D69FEBC03}.Release|Any CPU.Build.0 = Release|Any CPU
		{A3611B9E-9DF3-4FE8-9833-08F39F421253}.Debug|Any CPU.ActiveCfg = Debug|Any CPU
		{A3611B9E-9DF3-4FE8-9833-08F39F421253}.Debug|Any CPU.Build.0 = Debug|Any CPU
		{A3611B9E-9DF3-4FE8-9833-08F39F421253}.Release|Any CPU.ActiveCfg = Release|Any CPU
		{A3611B9E-9DF3-4FE8-9833-08F39F421253}.Release|Any CPU.Build.0 = Release|Any CPU
		{63328E31-9EFE-4C83-BBAE-4DA66073B200}.Debug|Any CPU.ActiveCfg = Debug|Any CPU
		{63328E31-9EFE-4C83-BBAE-4DA66073B200}.Debug|Any CPU.Build.0 = Debug|Any CPU
		{63328E31-9EFE-4C83-BBAE-4DA66073B200}.Release|Any CPU.ActiveCfg = Release|Any CPU
		{63328E31-9EFE-4C83-BBAE-4DA66073B200}.Release|Any CPU.Build.0 = Release|Any CPU
	EndGlobalSection
	GlobalSection(SolutionProperties) = preSolution
		HideSolutionNode = FALSE
	EndGlobalSection
	GlobalSection(ExtensibilityGlobals) = postSolution
		SolutionGuid = {3BA87D74-511F-41EE-8B8E-3DFF70D9BDF9}
	EndGlobalSection
EndGlobal
